// !$*UTF8*$!
{
	archiveVersion = 1;
	classes = {
	};
	objectVersion = 56;
	objects = {

/* Begin PBXBuildFile section */
		1503A3282BAC3E1000E37CD2 /* SwiftfulRouting in Frameworks */ = {isa = PBXBuildFile; productRef = 1503A3272BAC3E1000E37CD2 /* SwiftfulRouting */; };
		15EE99692BB21511004604F8 /* AlertShow.swift in Sources */ = {isa = PBXBuildFile; fileRef = 15EE99682BB21511004604F8 /* AlertShow.swift */; };
		15EE996B2BB21523004604F8 /* AuthorizationView.swift in Sources */ = {isa = PBXBuildFile; fileRef = 15EE996A2BB21523004604F8 /* AuthorizationView.swift */; };
		15EE996D2BB21534004604F8 /* AuthorizationViewModel.swift in Sources */ = {isa = PBXBuildFile; fileRef = 15EE996C2BB21534004604F8 /* AuthorizationViewModel.swift */; };
		15EE997C2BB215C7004604F8 /* FirebaseAuth in Frameworks */ = {isa = PBXBuildFile; productRef = 15EE997B2BB215C7004604F8 /* FirebaseAuth */; };
		15EE99A42BB21682004604F8 /* GoogleService-Info.plist in Resources */ = {isa = PBXBuildFile; fileRef = 15EE99A32BB21682004604F8 /* GoogleService-Info.plist */; };
		15EF77392BA61992006E8B61 /* CareerBoastApp.swift in Sources */ = {isa = PBXBuildFile; fileRef = 15EF77382BA61992006E8B61 /* CareerBoastApp.swift */; };
		15EF773D2BA61995006E8B61 /* Assets.xcassets in Resources */ = {isa = PBXBuildFile; fileRef = 15EF773C2BA61995006E8B61 /* Assets.xcassets */; };
		15EF77402BA61995006E8B61 /* Preview Assets.xcassets in Resources */ = {isa = PBXBuildFile; fileRef = 15EF773F2BA61995006E8B61 /* Preview Assets.xcassets */; };
		15EF774B2BA61AF0006E8B61 /* TestModel.swift in Sources */ = {isa = PBXBuildFile; fileRef = 15EF774A2BA61AF0006E8B61 /* TestModel.swift */; };
		15EF77512BA61B27006E8B61 /* Color + extns.swift in Sources */ = {isa = PBXBuildFile; fileRef = 15EF77502BA61B27006E8B61 /* Color + extns.swift */; };
		15EF77532BA61B3C006E8B61 /* UIApplication.swift in Sources */ = {isa = PBXBuildFile; fileRef = 15EF77522BA61B3C006E8B61 /* UIApplication.swift */; };
		15EF77552BA61B5B006E8B61 /* View + extns.swift in Sources */ = {isa = PBXBuildFile; fileRef = 15EF77542BA61B5B006E8B61 /* View + extns.swift */; };
		15EF77582BA61B8A006E8B61 /* Preferences.swift in Sources */ = {isa = PBXBuildFile; fileRef = 15EF77572BA61B8A006E8B61 /* Preferences.swift */; };
		15EF775B2BA61B9E006E8B61 /* Log.swift in Sources */ = {isa = PBXBuildFile; fileRef = 15EF775A2BA61B9E006E8B61 /* Log.swift */; };
		15EF77642BA64347006E8B61 /* HomeView.swift in Sources */ = {isa = PBXBuildFile; fileRef = 15EF77632BA64347006E8B61 /* HomeView.swift */; };
/* End PBXBuildFile section */

/* Begin PBXFileReference section */
		15EE99682BB21511004604F8 /* AlertShow.swift */ = {isa = PBXFileReference; lastKnownFileType = sourcecode.swift; path = AlertShow.swift; sourceTree = "<group>"; };
		15EE996A2BB21523004604F8 /* AuthorizationView.swift */ = {isa = PBXFileReference; lastKnownFileType = sourcecode.swift; path = AuthorizationView.swift; sourceTree = "<group>"; };
		15EE996C2BB21534004604F8 /* AuthorizationViewModel.swift */ = {isa = PBXFileReference; lastKnownFileType = sourcecode.swift; path = AuthorizationViewModel.swift; sourceTree = "<group>"; };
		15EE99A32BB21682004604F8 /* GoogleService-Info.plist */ = {isa = PBXFileReference; fileEncoding = 4; lastKnownFileType = text.plist.xml; name = "GoogleService-Info.plist"; path = "../../../../../Users/sarap005931/Downloads/GoogleService-Info.plist"; sourceTree = "<group>"; };
		15EF77352BA61992006E8B61 /* CareerBoast.app */ = {isa = PBXFileReference; explicitFileType = wrapper.application; includeInIndex = 0; path = CareerBoast.app; sourceTree = BUILT_PRODUCTS_DIR; };
		15EF77382BA61992006E8B61 /* CareerBoastApp.swift */ = {isa = PBXFileReference; lastKnownFileType = sourcecode.swift; path = CareerBoastApp.swift; sourceTree = "<group>"; };
		15EF773C2BA61995006E8B61 /* Assets.xcassets */ = {isa = PBXFileReference; lastKnownFileType = folder.assetcatalog; path = Assets.xcassets; sourceTree = "<group>"; };
		15EF773F2BA61995006E8B61 /* Preview Assets.xcassets */ = {isa = PBXFileReference; lastKnownFileType = folder.assetcatalog; path = "Preview Assets.xcassets"; sourceTree = "<group>"; };
		15EF774A2BA61AF0006E8B61 /* TestModel.swift */ = {isa = PBXFileReference; lastKnownFileType = sourcecode.swift; path = TestModel.swift; sourceTree = "<group>"; };
		15EF77502BA61B27006E8B61 /* Color + extns.swift */ = {isa = PBXFileReference; lastKnownFileType = sourcecode.swift; path = "Color + extns.swift"; sourceTree = "<group>"; };
		15EF77522BA61B3C006E8B61 /* UIApplication.swift */ = {isa = PBXFileReference; lastKnownFileType = sourcecode.swift; path = UIApplication.swift; sourceTree = "<group>"; };
		15EF77542BA61B5B006E8B61 /* View + extns.swift */ = {isa = PBXFileReference; lastKnownFileType = sourcecode.swift; path = "View + extns.swift"; sourceTree = "<group>"; };
		15EF77572BA61B8A006E8B61 /* Preferences.swift */ = {isa = PBXFileReference; lastKnownFileType = sourcecode.swift; path = Preferences.swift; sourceTree = "<group>"; };
		15EF775A2BA61B9E006E8B61 /* Log.swift */ = {isa = PBXFileReference; lastKnownFileType = sourcecode.swift; path = Log.swift; sourceTree = "<group>"; };
		15EF77632BA64347006E8B61 /* HomeView.swift */ = {isa = PBXFileReference; lastKnownFileType = sourcecode.swift; path = HomeView.swift; sourceTree = "<group>"; };
/* End PBXFileReference section */

/* Begin PBXFrameworksBuildPhase section */
		15EF77322BA61992006E8B61 /* Frameworks */ = {
			isa = PBXFrameworksBuildPhase;
			buildActionMask = 2147483647;
			files = (
				1503A3282BAC3E1000E37CD2 /* SwiftfulRouting in Frameworks */,
				15EE997C2BB215C7004604F8 /* FirebaseAuth in Frameworks */,
			);
			runOnlyForDeploymentPostprocessing = 0;
		};
/* End PBXFrameworksBuildPhase section */

/* Begin PBXGroup section */
		15EE995E2BB214A6004604F8 /* Auth */ = {
			isa = PBXGroup;
			children = (
				15EE99602BB214AD004604F8 /* View */,
				15EE995F2BB214A9004604F8 /* ViewModel */,
			);
			path = Auth;
			sourceTree = "<group>";
		};
		15EE995F2BB214A9004604F8 /* ViewModel */ = {
			isa = PBXGroup;
			children = (
				15EE996C2BB21534004604F8 /* AuthorizationViewModel.swift */,
			);
			path = ViewModel;
			sourceTree = "<group>";
		};
		15EE99602BB214AD004604F8 /* View */ = {
			isa = PBXGroup;
			children = (
				15EE996A2BB21523004604F8 /* AuthorizationView.swift */,
			);
			path = View;
			sourceTree = "<group>";
		};
		15EE99612BB214CA004604F8 /* Alert */ = {
			isa = PBXGroup;
			children = (
				15EE99682BB21511004604F8 /* AlertShow.swift */,
			);
			path = Alert;
			sourceTree = "<group>";
		};
		15EF772C2BA61992006E8B61 = {
			isa = PBXGroup;
			children = (
				15EF77372BA61992006E8B61 /* CareerBoast */,
				15EF77362BA61992006E8B61 /* Products */,
			);
			sourceTree = "<group>";
		};
		15EF77362BA61992006E8B61 /* Products */ = {
			isa = PBXGroup;
			children = (
				15EF77352BA61992006E8B61 /* CareerBoast.app */,
			);
			name = Products;
			sourceTree = "<group>";
		};
		15EF77372BA61992006E8B61 /* CareerBoast */ = {
			isa = PBXGroup;
			children = (
				15EE99A32BB21682004604F8 /* GoogleService-Info.plist */,
				15EF77462BA61A49006E8B61 /* Resources  */,
				15EF77482BA61AC3006E8B61 /* Models */,
				15EF77472BA61AA6006E8B61 /* Modules */,
				15EF77492BA61AD6006E8B61 /* Common */,
				15EF773E2BA61995006E8B61 /* Preview Content */,
			);
			path = CareerBoast;
			sourceTree = "<group>";
		};
		15EF773E2BA61995006E8B61 /* Preview Content */ = {
			isa = PBXGroup;
			children = (
				15EF773F2BA61995006E8B61 /* Preview Assets.xcassets */,
			);
			path = "Preview Content";
			sourceTree = "<group>";
		};
		15EF77462BA61A49006E8B61 /* Resources  */ = {
			isa = PBXGroup;
			children = (
				15EF773C2BA61995006E8B61 /* Assets.xcassets */,
				15EF77382BA61992006E8B61 /* CareerBoastApp.swift */,
			);
			path = "Resources ";
			sourceTree = "<group>";
		};
		15EF77472BA61AA6006E8B61 /* Modules */ = {
			isa = PBXGroup;
			children = (
				15EE995E2BB214A6004604F8 /* Auth */,
				15EF77622BA64340006E8B61 /* Home */,
			);
			path = Modules;
			sourceTree = "<group>";
		};
		15EF77482BA61AC3006E8B61 /* Models */ = {
			isa = PBXGroup;
			children = (
				15EF774A2BA61AF0006E8B61 /* TestModel.swift */,
			);
			path = Models;
			sourceTree = "<group>";
		};
		15EF77492BA61AD6006E8B61 /* Common */ = {
			isa = PBXGroup;
			children = (
				15EE99612BB214CA004604F8 /* Alert */,
				15EF77592BA61B9B006E8B61 /* Log */,
				15EF77562BA61B83006E8B61 /* CustomPropartyWrapper */,
				15EF774F2BA61B11006E8B61 /* Extentions */,
			);
			path = Common;
			sourceTree = "<group>";
		};
		15EF774F2BA61B11006E8B61 /* Extentions */ = {
			isa = PBXGroup;
			children = (
				15EF77502BA61B27006E8B61 /* Color + extns.swift */,
				15EF77522BA61B3C006E8B61 /* UIApplication.swift */,
				15EF77542BA61B5B006E8B61 /* View + extns.swift */,
			);
			path = Extentions;
			sourceTree = "<group>";
		};
		15EF77562BA61B83006E8B61 /* CustomPropartyWrapper */ = {
			isa = PBXGroup;
			children = (
				15EF77572BA61B8A006E8B61 /* Preferences.swift */,
			);
			path = CustomPropartyWrapper;
			sourceTree = "<group>";
		};
		15EF77592BA61B9B006E8B61 /* Log */ = {
			isa = PBXGroup;
			children = (
				15EF775A2BA61B9E006E8B61 /* Log.swift */,
			);
			path = Log;
			sourceTree = "<group>";
		};
		15EF77622BA64340006E8B61 /* Home */ = {
			isa = PBXGroup;
			children = (
				15EF77632BA64347006E8B61 /* HomeView.swift */,
			);
			path = Home;
			sourceTree = "<group>";
		};
/* End PBXGroup section */

/* Begin PBXNativeTarget section */
		15EF77342BA61992006E8B61 /* CareerBoast */ = {
			isa = PBXNativeTarget;
			buildConfigurationList = 15EF77432BA61995006E8B61 /* Build configuration list for PBXNativeTarget "CareerBoast" */;
			buildPhases = (
				15EF77312BA61992006E8B61 /* Sources */,
				15EF77322BA61992006E8B61 /* Frameworks */,
				15EF77332BA61992006E8B61 /* Resources */,
			);
			buildRules = (
			);
			dependencies = (
			);
			name = CareerBoast;
			packageProductDependencies = (
				1503A3272BAC3E1000E37CD2 /* SwiftfulRouting */,
				15EE997B2BB215C7004604F8 /* FirebaseAuth */,
			);
			productName = CareerBoast;
			productReference = 15EF77352BA61992006E8B61 /* CareerBoast.app */;
			productType = "com.apple.product-type.application";
		};
/* End PBXNativeTarget section */

/* Begin PBXProject section */
		15EF772D2BA61992006E8B61 /* Project object */ = {
			isa = PBXProject;
			attributes = {
				BuildIndependentTargetsInParallel = 1;
				LastSwiftUpdateCheck = 1520;
				LastUpgradeCheck = 1520;
				TargetAttributes = {
					15EF77342BA61992006E8B61 = {
						CreatedOnToolsVersion = 15.2;
					};
				};
			};
			buildConfigurationList = 15EF77302BA61992006E8B61 /* Build configuration list for PBXProject "CareerBoast" */;
			compatibilityVersion = "Xcode 14.0";
			developmentRegion = en;
			hasScannedForEncodings = 0;
			knownRegions = (
				en,
				Base,
			);
			mainGroup = 15EF772C2BA61992006E8B61;
			packageReferences = (
				1503A3262BAC3E1000E37CD2 /* XCRemoteSwiftPackageReference "SwiftfulRouting" */,
				15EE996E2BB215C7004604F8 /* XCRemoteSwiftPackageReference "firebase-ios-sdk" */,
			);
			productRefGroup = 15EF77362BA61992006E8B61 /* Products */;
			projectDirPath = "";
			projectRoot = "";
			targets = (
				15EF77342BA61992006E8B61 /* CareerBoast */,
			);
		};
/* End PBXProject section */

/* Begin PBXResourcesBuildPhase section */
		15EF77332BA61992006E8B61 /* Resources */ = {
			isa = PBXResourcesBuildPhase;
			buildActionMask = 2147483647;
			files = (
				15EF77402BA61995006E8B61 /* Preview Assets.xcassets in Resources */,
				15EF773D2BA61995006E8B61 /* Assets.xcassets in Resources */,
				15EE99A42BB21682004604F8 /* GoogleService-Info.plist in Resources */,
			);
			runOnlyForDeploymentPostprocessing = 0;
		};
/* End PBXResourcesBuildPhase section */

/* Begin PBXSourcesBuildPhase section */
		15EF77312BA61992006E8B61 /* Sources */ = {
			isa = PBXSourcesBuildPhase;
			buildActionMask = 2147483647;
			files = (
				15EF77392BA61992006E8B61 /* CareerBoastApp.swift in Sources */,
				15EE99692BB21511004604F8 /* AlertShow.swift in Sources */,
				15EF77582BA61B8A006E8B61 /* Preferences.swift in Sources */,
				15EF77642BA64347006E8B61 /* HomeView.swift in Sources */,
				15EF77552BA61B5B006E8B61 /* View + extns.swift in Sources */,
				15EF774B2BA61AF0006E8B61 /* TestModel.swift in Sources */,
				15EF77512BA61B27006E8B61 /* Color + extns.swift in Sources */,
				15EF77532BA61B3C006E8B61 /* UIApplication.swift in Sources */,
				15EE996B2BB21523004604F8 /* AuthorizationView.swift in Sources */,
				15EF775B2BA61B9E006E8B61 /* Log.swift in Sources */,
				15EE996D2BB21534004604F8 /* AuthorizationViewModel.swift in Sources */,
			);
			runOnlyForDeploymentPostprocessing = 0;
		};
/* End PBXSourcesBuildPhase section */

/* Begin XCBuildConfiguration section */
		15EF77412BA61995006E8B61 /* Debug */ = {
			isa = XCBuildConfiguration;
			buildSettings = {
				ALWAYS_SEARCH_USER_PATHS = NO;
				ASSETCATALOG_COMPILER_GENERATE_SWIFT_ASSET_SYMBOL_EXTENSIONS = YES;
				CLANG_ANALYZER_NONNULL = YES;
				CLANG_ANALYZER_NUMBER_OBJECT_CONVERSION = YES_AGGRESSIVE;
				CLANG_CXX_LANGUAGE_STANDARD = "gnu++20";
				CLANG_ENABLE_MODULES = YES;
				CLANG_ENABLE_OBJC_ARC = YES;
				CLANG_ENABLE_OBJC_WEAK = YES;
				CLANG_WARN_BLOCK_CAPTURE_AUTORELEASING = YES;
				CLANG_WARN_BOOL_CONVERSION = YES;
				CLANG_WARN_COMMA = YES;
				CLANG_WARN_CONSTANT_CONVERSION = YES;
				CLANG_WARN_DEPRECATED_OBJC_IMPLEMENTATIONS = YES;
				CLANG_WARN_DIRECT_OBJC_ISA_USAGE = YES_ERROR;
				CLANG_WARN_DOCUMENTATION_COMMENTS = YES;
				CLANG_WARN_EMPTY_BODY = YES;
				CLANG_WARN_ENUM_CONVERSION = YES;
				CLANG_WARN_INFINITE_RECURSION = YES;
				CLANG_WARN_INT_CONVERSION = YES;
				CLANG_WARN_NON_LITERAL_NULL_CONVERSION = YES;
				CLANG_WARN_OBJC_IMPLICIT_RETAIN_SELF = YES;
				CLANG_WARN_OBJC_LITERAL_CONVERSION = YES;
				CLANG_WARN_OBJC_ROOT_CLASS = YES_ERROR;
				CLANG_WARN_QUOTED_INCLUDE_IN_FRAMEWORK_HEADER = YES;
				CLANG_WARN_RANGE_LOOP_ANALYSIS = YES;
				CLANG_WARN_STRICT_PROTOTYPES = YES;
				CLANG_WARN_SUSPICIOUS_MOVE = YES;
				CLANG_WARN_UNGUARDED_AVAILABILITY = YES_AGGRESSIVE;
				CLANG_WARN_UNREACHABLE_CODE = YES;
				CLANG_WARN__DUPLICATE_METHOD_MATCH = YES;
				COPY_PHASE_STRIP = NO;
				DEBUG_INFORMATION_FORMAT = dwarf;
				ENABLE_STRICT_OBJC_MSGSEND = YES;
				ENABLE_TESTABILITY = YES;
				ENABLE_USER_SCRIPT_SANDBOXING = YES;
				GCC_C_LANGUAGE_STANDARD = gnu17;
				GCC_DYNAMIC_NO_PIC = NO;
				GCC_NO_COMMON_BLOCKS = YES;
				GCC_OPTIMIZATION_LEVEL = 0;
				GCC_PREPROCESSOR_DEFINITIONS = (
					"DEBUG=1",
					"$(inherited)",
				);
				GCC_WARN_64_TO_32_BIT_CONVERSION = YES;
				GCC_WARN_ABOUT_RETURN_TYPE = YES_ERROR;
				GCC_WARN_UNDECLARED_SELECTOR = YES;
				GCC_WARN_UNINITIALIZED_AUTOS = YES_AGGRESSIVE;
				GCC_WARN_UNUSED_FUNCTION = YES;
				GCC_WARN_UNUSED_VARIABLE = YES;
				IPHONEOS_DEPLOYMENT_TARGET = 16.0;
				LOCALIZATION_PREFERS_STRING_CATALOGS = YES;
				MTL_ENABLE_DEBUG_INFO = INCLUDE_SOURCE;
				MTL_FAST_MATH = YES;
				ONLY_ACTIVE_ARCH = YES;
				SDKROOT = iphoneos;
				SWIFT_ACTIVE_COMPILATION_CONDITIONS = "DEBUG $(inherited)";
				SWIFT_OPTIMIZATION_LEVEL = "-Onone";
			};
			name = Debug;
		};
		15EF77422BA61995006E8B61 /* Release */ = {
			isa = XCBuildConfiguration;
			buildSettings = {
				ALWAYS_SEARCH_USER_PATHS = NO;
				ASSETCATALOG_COMPILER_GENERATE_SWIFT_ASSET_SYMBOL_EXTENSIONS = YES;
				CLANG_ANALYZER_NONNULL = YES;
				CLANG_ANALYZER_NUMBER_OBJECT_CONVERSION = YES_AGGRESSIVE;
				CLANG_CXX_LANGUAGE_STANDARD = "gnu++20";
				CLANG_ENABLE_MODULES = YES;
				CLANG_ENABLE_OBJC_ARC = YES;
				CLANG_ENABLE_OBJC_WEAK = YES;
				CLANG_WARN_BLOCK_CAPTURE_AUTORELEASING = YES;
				CLANG_WARN_BOOL_CONVERSION = YES;
				CLANG_WARN_COMMA = YES;
				CLANG_WARN_CONSTANT_CONVERSION = YES;
				CLANG_WARN_DEPRECATED_OBJC_IMPLEMENTATIONS = YES;
				CLANG_WARN_DIRECT_OBJC_ISA_USAGE = YES_ERROR;
				CLANG_WARN_DOCUMENTATION_COMMENTS = YES;
				CLANG_WARN_EMPTY_BODY = YES;
				CLANG_WARN_ENUM_CONVERSION = YES;
				CLANG_WARN_INFINITE_RECURSION = YES;
				CLANG_WARN_INT_CONVERSION = YES;
				CLANG_WARN_NON_LITERAL_NULL_CONVERSION = YES;
				CLANG_WARN_OBJC_IMPLICIT_RETAIN_SELF = YES;
				CLANG_WARN_OBJC_LITERAL_CONVERSION = YES;
				CLANG_WARN_OBJC_ROOT_CLASS = YES_ERROR;
				CLANG_WARN_QUOTED_INCLUDE_IN_FRAMEWORK_HEADER = YES;
				CLANG_WARN_RANGE_LOOP_ANALYSIS = YES;
				CLANG_WARN_STRICT_PROTOTYPES = YES;
				CLANG_WARN_SUSPICIOUS_MOVE = YES;
				CLANG_WARN_UNGUARDED_AVAILABILITY = YES_AGGRESSIVE;
				CLANG_WARN_UNREACHABLE_CODE = YES;
				CLANG_WARN__DUPLICATE_METHOD_MATCH = YES;
				COPY_PHASE_STRIP = NO;
				DEBUG_INFORMATION_FORMAT = "dwarf-with-dsym";
				ENABLE_NS_ASSERTIONS = NO;
				ENABLE_STRICT_OBJC_MSGSEND = YES;
				ENABLE_USER_SCRIPT_SANDBOXING = YES;
				GCC_C_LANGUAGE_STANDARD = gnu17;
				GCC_NO_COMMON_BLOCKS = YES;
				GCC_WARN_64_TO_32_BIT_CONVERSION = YES;
				GCC_WARN_ABOUT_RETURN_TYPE = YES_ERROR;
				GCC_WARN_UNDECLARED_SELECTOR = YES;
				GCC_WARN_UNINITIALIZED_AUTOS = YES_AGGRESSIVE;
				GCC_WARN_UNUSED_FUNCTION = YES;
				GCC_WARN_UNUSED_VARIABLE = YES;
				IPHONEOS_DEPLOYMENT_TARGET = 16.0;
				LOCALIZATION_PREFERS_STRING_CATALOGS = YES;
				MTL_ENABLE_DEBUG_INFO = NO;
				MTL_FAST_MATH = YES;
				SDKROOT = iphoneos;
				SWIFT_COMPILATION_MODE = wholemodule;
				VALIDATE_PRODUCT = YES;
			};
			name = Release;
		};
		15EF77442BA61995006E8B61 /* Debug */ = {
			isa = XCBuildConfiguration;
			buildSettings = {
				ASSETCATALOG_COMPILER_APPICON_NAME = AppIcon;
				ASSETCATALOG_COMPILER_GLOBAL_ACCENT_COLOR_NAME = AccentColor;
				CODE_SIGN_STYLE = Automatic;
				CURRENT_PROJECT_VERSION = 1;
				DEVELOPMENT_ASSET_PATHS = "\"CareerBoast/Preview Content\"";
				DEVELOPMENT_TEAM = PP55TUKCZU;
				ENABLE_PREVIEWS = YES;
				GENERATE_INFOPLIST_FILE = YES;
				INFOPLIST_KEY_UIApplicationSceneManifest_Generation = YES;
				INFOPLIST_KEY_UIApplicationSupportsIndirectInputEvents = YES;
				INFOPLIST_KEY_UILaunchScreen_Generation = YES;
				INFOPLIST_KEY_UISupportedInterfaceOrientations = UIInterfaceOrientationPortrait;
				INFOPLIST_KEY_UISupportedInterfaceOrientations_iPad = "UIInterfaceOrientationLandscapeLeft UIInterfaceOrientationLandscapeRight UIInterfaceOrientationPortrait UIInterfaceOrientationPortraitUpsideDown";
				IPHONEOS_DEPLOYMENT_TARGET = 16.0;
				LD_RUNPATH_SEARCH_PATHS = (
					"$(inherited)",
					"@executable_path/Frameworks",
				);
				MARKETING_VERSION = 1.0;
				PRODUCT_BUNDLE_IDENTIFIER = shurup.CareerBoast;
				PRODUCT_NAME = "$(TARGET_NAME)";
				SUPPORTED_PLATFORMS = "iphoneos iphonesimulator";
				SUPPORTS_MACCATALYST = NO;
				SUPPORTS_MAC_DESIGNED_FOR_IPHONE_IPAD = NO;
				SUPPORTS_XR_DESIGNED_FOR_IPHONE_IPAD = NO;
				SWIFT_EMIT_LOC_STRINGS = YES;
				SWIFT_VERSION = 5.0;
				TARGETED_DEVICE_FAMILY = 1;
			};
			name = Debug;
		};
		15EF77452BA61995006E8B61 /* Release */ = {
			isa = XCBuildConfiguration;
			buildSettings = {
				ASSETCATALOG_COMPILER_APPICON_NAME = AppIcon;
				ASSETCATALOG_COMPILER_GLOBAL_ACCENT_COLOR_NAME = AccentColor;
				CODE_SIGN_STYLE = Automatic;
				CURRENT_PROJECT_VERSION = 1;
				DEVELOPMENT_ASSET_PATHS = "\"CareerBoast/Preview Content\"";
				DEVELOPMENT_TEAM = PP55TUKCZU;
				ENABLE_PREVIEWS = YES;
				GENERATE_INFOPLIST_FILE = YES;
				INFOPLIST_KEY_UIApplicationSceneManifest_Generation = YES;
				INFOPLIST_KEY_UIApplicationSupportsIndirectInputEvents = YES;
				INFOPLIST_KEY_UILaunchScreen_Generation = YES;
				INFOPLIST_KEY_UISupportedInterfaceOrientations = UIInterfaceOrientationPortrait;
				INFOPLIST_KEY_UISupportedInterfaceOrientations_iPad = "UIInterfaceOrientationLandscapeLeft UIInterfaceOrientationLandscapeRight UIInterfaceOrientationPortrait UIInterfaceOrientationPortraitUpsideDown";
				IPHONEOS_DEPLOYMENT_TARGET = 16.0;
				LD_RUNPATH_SEARCH_PATHS = (
					"$(inherited)",
					"@executable_path/Frameworks",
				);
				MARKETING_VERSION = 1.0;
				PRODUCT_BUNDLE_IDENTIFIER = shurup.CareerBoast;
				PRODUCT_NAME = "$(TARGET_NAME)";
				SUPPORTED_PLATFORMS = "iphoneos iphonesimulator";
				SUPPORTS_MACCATALYST = NO;
				SUPPORTS_MAC_DESIGNED_FOR_IPHONE_IPAD = NO;
				SUPPORTS_XR_DESIGNED_FOR_IPHONE_IPAD = NO;
				SWIFT_EMIT_LOC_STRINGS = YES;
				SWIFT_VERSION = 5.0;
				TARGETED_DEVICE_FAMILY = 1;
			};
			name = Release;
		};
/* End XCBuildConfiguration section */

/* Begin XCConfigurationList section */
		15EF77302BA61992006E8B61 /* Build configuration list for PBXProject "CareerBoast" */ = {
			isa = XCConfigurationList;
			buildConfigurations = (
				15EF77412BA61995006E8B61 /* Debug */,
				15EF77422BA61995006E8B61 /* Release */,
			);
			defaultConfigurationIsVisible = 0;
			defaultConfigurationName = Release;
		};
		15EF77432BA61995006E8B61 /* Build configuration list for PBXNativeTarget "CareerBoast" */ = {
			isa = XCConfigurationList;
			buildConfigurations = (
				15EF77442BA61995006E8B61 /* Debug */,
				15EF77452BA61995006E8B61 /* Release */,
			);
			defaultConfigurationIsVisible = 0;
			defaultConfigurationName = Release;
		};
/* End XCConfigurationList section */

/* Begin XCRemoteSwiftPackageReference section */
		1503A3262BAC3E1000E37CD2 /* XCRemoteSwiftPackageReference "SwiftfulRouting" */ = {
			isa = XCRemoteSwiftPackageReference;
			repositoryURL = "https://github.com/SwiftfulThinking/SwiftfulRouting";
			requirement = {
				kind = upToNextMajorVersion;
				minimumVersion = 5.3.2;
			};
		};
		15EE996E2BB215C7004604F8 /* XCRemoteSwiftPackageReference "firebase-ios-sdk" */ = {
			isa = XCRemoteSwiftPackageReference;
			repositoryURL = "https://github.com/firebase/firebase-ios-sdk";
			requirement = {
				kind = upToNextMajorVersion;
				minimumVersion = 10.23.0;
			};
		};
/* End XCRemoteSwiftPackageReference section */

/* Begin XCSwiftPackageProductDependency section */
		1503A3272BAC3E1000E37CD2 /* SwiftfulRouting */ = {
			isa = XCSwiftPackageProductDependency;
			package = 1503A3262BAC3E1000E37CD2 /* XCRemoteSwiftPackageReference "SwiftfulRouting" */;
			productName = SwiftfulRouting;
		};
		15EE997B2BB215C7004604F8 /* FirebaseAuth */ = {
			isa = XCSwiftPackageProductDependency;
			package = 15EE996E2BB215C7004604F8 /* XCRemoteSwiftPackageReference "firebase-ios-sdk" */;
			productName = FirebaseAuth;
		};
/* End XCSwiftPackageProductDependency section */
	};
	rootObject = 15EF772D2BA61992006E8B61 /* Project object */;
}
